
Microsoft Visual Studio Solution File, Format Version 12.00
# Visual Studio Version 17
VisualStudioVersion = 17.4.33103.184
MinimumVisualStudioVersion = 10.0.40219.1
Project("{8BC9CEB8-8B4A-11D0-8D11-00A0C91BC942}") = "day01", "day01\day01.vcxproj", "{16F9EE77-A189-4553-935E-0F08764902ED}"
EndProject
Project("{8BC9CEB8-8B4A-11D0-8D11-00A0C91BC942}") = "day02", "day02\day02.vcxproj", "{FB82D870-AD97-44F0-9B29-A663EF9F0540}"
EndProject
Project("{8BC9CEB8-8B4A-11D0-8D11-00A0C91BC942}") = "day03", "day03\day03.vcxproj", "{E091E198-6E15-496B-8A82-4B531D010E02}"
EndProject
Project("{8BC9CEB8-8B4A-11D0-8D11-00A0C91BC942}") = "day04", "day04\day04.vcxproj", "{BE1A881C-A3E0-499C-AE7D-EC9C0BC984FC}"
EndProject
Global
	GlobalSection(SolutionConfigurationPlatforms) = preSolution
		Debug|x64 = Debug|x64
		Debug|x86 = Debug|x86
		Release|x64 = Release|x64
		Release|x86 = Release|x86
	EndGlobalSection
	GlobalSection(ProjectConfigurationPlatforms) = postSolution
		{16F9EE77-A189-4553-935E-0F08764902ED}.Debug|x64.ActiveCfg = Debug|x64
		{16F9EE77-A189-4553-935E-0F08764902ED}.Debug|x64.Build.0 = Debug|x64
		{16F9EE77-A189-4553-935E-0F08764902ED}.Debug|x86.ActiveCfg = Debug|Win32
		{16F9EE77-A189-4553-935E-0F08764902ED}.Debug|x86.Build.0 = Debug|Win32
		{16F9EE77-A189-4553-935E-0F08764902ED}.Release|x64.ActiveCfg = Release|x64
		{16F9EE77-A189-4553-935E-0F08764902ED}.Release|x64.Build.0 = Release|x64
		{16F9EE77-A189-4553-935E-0F08764902ED}.Release|x86.ActiveCfg = Release|Win32
		{16F9EE77-A189-4553-935E-0F08764902ED}.Release|x86.Build.0 = Release|Win32
		{FB82D870-AD97-44F0-9B29-A663EF9F0540}.Debug|x64.ActiveCfg = Debug|x64
		{FB82D870-AD97-44F0-9B29-A663EF9F0540}.Debug|x64.Build.0 = Debug|x64
		{FB82D870-AD97-44F0-9B29-A663EF9F0540}.Debug|x86.ActiveCfg = Debug|Win32
		{FB82D870-AD97-44F0-9B29-A663EF9F0540}.Debug|x86.Build.0 = Debug|Win32
		{FB82D870-AD97-44F0-9B29-A663EF9F0540}.Release|x64.ActiveCfg = Release|x64
		{FB82D870-AD97-44F0-9B29-A663EF9F0540}.Release|x64.Build.0 = Release|x64
		{FB82D870-AD97-44F0-9B29-A663EF9F0540}.Release|x86.ActiveCfg = Release|Win32
		{FB82D870-AD97-44F0-9B29-A663EF9F0540}.Release|x86.Build.0 = Release|Win32
		{E091E198-6E15-496B-8A82-4B531D010E02}.Debug|x64.ActiveCfg = Debug|x64
		{E091E198-6E15-496B-8A82-4B531D010E02}.Debug|x64.Build.0 = Debug|x64
		{E091E198-6E15-496B-8A82-4B531D010E02}.Debug|x86.ActiveCfg = Debug|Win32
		{E091E198-6E15-496B-8A82-4B531D010E02}.Debug|x86.Build.0 = Debug|Win32
		{E091E198-6E15-496B-8A82-4B531D010E02}.Release|x64.ActiveCfg = Release|x64
		{E091E198-6E15-496B-8A82-4B531D010E02}.Release|x64.Build.0 = Release|x64
		{E091E198-6E15-496B-8A82-4B531D010E02}.Release|x86.ActiveCfg = Release|Win32
		{E091E198-6E15-496B-8A82-4B531D010E02}.Release|x86.Build.0 = Release|Win32
		{BE1A881C-A3E0-499C-AE7D-EC9C0BC984FC}.Debug|x64.ActiveCfg = Debug|x64
		{BE1A881C-A3E0-499C-AE7D-EC9C0BC984FC}.Debug|x64.Build.0 = Debug|x64
		{BE1A881C-A3E0-499C-AE7D-EC9C0BC984FC}.Debug|x86.ActiveCfg = Debug|Win32
		{BE1A881C-A3E0-499C-AE7D-EC9C0BC984FC}.Debug|x86.Build.0 = Debug|Win32
		{BE1A881C-A3E0-499C-AE7D-EC9C0BC984FC}.Release|x64.ActiveCfg = Release|x64
		{BE1A881C-A3E0-499C-AE7D-EC9C0BC984FC}.Release|x64.Build.0 = Release|x64
		{BE1A881C-A3E0-499C-AE7D-EC9C0BC984FC}.Release|x86.ActiveCfg = Release|Win32
		{BE1A881C-A3E0-499C-AE7D-EC9C0BC984FC}.Release|x86.Build.0 = Release|Win32
	EndGlobalSection
	GlobalSection(SolutionProperties) = preSolution
		HideSolutionNode = FALSE
	EndGlobalSection
	GlobalSection(ExtensibilityGlobals) = postSolution
		SolutionGuid = {345771CF-B025-4F77-9047-93B0220ACD10}
	EndGlobalSection
EndGlobal
